schema: '2.0'
stages:
  load_data:
    cmd: python src/load_data.py --config=params.yaml
    deps:
    - path: data_given/winequality.csv
      md5: ccc8d3507eb151f53f760d36abdef888
      size: 91998
    - path: src/get_data.py
      md5: 3fefd38708f6190842a7dc5b7811b1fb
      size: 697
    - path: src/load_data.py
      md5: ce1dd4988e732ed33b5f2ad9d6b82b89
      size: 674
    outs:
    - path: data/raw/winequality.csv
      md5: d98e8f2eca228c11c4de1cc96866a54d
      size: 93598
